Microsoft Visual Studio Solution File, Format Version 12.00
# Visual Studio Version 16
VisualStudioVersion = 16.0.0.0
MinimumVisualStudioVersion = 16.0.0.0
Project("{9A19103F-16F7-4668-BE54-9A1E7A4F7556}") = "BlazorFeatures", "BlazorFeatures\BlazorFeatures.csproj", "{D598AC96-5A8F-4A0C-8C7B-0EABA1DA0F43}"
EndProject
Global
	GlobalSection(SolutionConfigurationPlatforms) = preSolution
		Debug|Any CPU = Debug|Any CPU
		Release|Any CPU = Release|Any CPU
	EndGlobalSection
	GlobalSection(ProjectConfigurationPlatforms) = postSolution
		{D598AC96-5A8F-4A0C-8C7B-0EABA1DA0F43}.Debug|Any CPU.ActiveCfg = Debug|Any CPU
		{D598AC96-5A8F-4A0C-8C7B-0EABA1DA0F43}.Debug|Any CPU.Build.0 = Debug|Any CPU
		{D598AC96-5A8F-4A0C-8C7B-0EABA1DA0F43}.Release|Any CPU.ActiveCfg = Release|Any CPU
		{D598AC96-5A8F-4A0C-8C7B-0EABA1DA0F43}.Release|Any CPU.Build.0 = Release|Any CPU
	EndGlobalSection
	GlobalSection(SolutionProperties) = preSolution
		HideSolutionNode = FALSE
	EndGlobalSection
	GlobalSection(ExtensibilityGlobals) = postSolution
		SolutionGuid = {123C9039-8467-4E55-9665-93C774CC63AD}
	EndGlobalSection
EndGlobal
